
Microsoft Visual Studio Solution File, Format Version 12.00
# Visual Studio 15
Project("{FAE04EC0-301F-11D3-BF4B-00C04F79EFBC}") = "BoggleSolverCSharp", "BoggleSolverCSharp\BoggleSolverCSharp.csproj", "{FD76D9F6-6A11-4CE9-9D76-3139DCBB12C7}"
EndProject
Global
	GlobalSection(SolutionConfigurationPlatforms) = preSolution
		Debug|Any CPU = Debug|Any CPU
		Release|Any CPU = Release|Any CPU
	EndGlobalSection
	GlobalSection(ProjectConfigurationPlatforms) = postSolution
		{FD76D9F6-6A11-4CE9-9D76-3139DCBB12C7}.Debug|Any CPU.ActiveCfg = Debug|Any CPU
		{FD76D9F6-6A11-4CE9-9D76-3139DCBB12C7}.Debug|Any CPU.Build.0 = Debug|Any CPU
		{FD76D9F6-6A11-4CE9-9D76-3139DCBB12C7}.Release|Any CPU.ActiveCfg = Release|Any CPU
		{FD76D9F6-6A11-4CE9-9D76-3139DCBB12C7}.Release|Any CPU.Build.0 = Release|Any CPU
	EndGlobalSection
EndGlobal
